
Microsoft Visual Studio Solution File, Format Version 12.00
# Visual Studio Version 16
VisualStudioVersion = 16.0.30907.101
MinimumVisualStudioVersion = 10.0.40219.1
Project("{9A19103F-16F7-4668-BE54-9A1E7A4F7556}") = "Business", "Business\Business.csproj", "{94D1E7FF-045D-42B5-8456-3213B06B1BCB}"
EndProject
Project("{9A19103F-16F7-4668-BE54-9A1E7A4F7556}") = "DataAccess", "DataAccess\DataAccess.csproj", "{C0726283-0DB2-41A4-A965-593E0981CD2F}"
EndProject
Project("{9A19103F-16F7-4668-BE54-9A1E7A4F7556}") = "Entities", "Entities\Entities.csproj", "{C8038EDF-DC9B-419A-8501-2E2F97073C1B}"
EndProject
Project("{FAE04EC0-301F-11D3-BF4B-00C04F79EFBC}") = "ConsoleUI", "ConsoleUI\ConsoleUI.csproj", "{E60149E6-0A77-42F5-A360-AEDF4A2729F3}"
EndProject
Global
	GlobalSection(SolutionConfigurationPlatforms) = preSolution
		Debug|Any CPU = Debug|Any CPU
		Release|Any CPU = Release|Any CPU
	EndGlobalSection
	GlobalSection(ProjectConfigurationPlatforms) = postSolution
		{94D1E7FF-045D-42B5-8456-3213B06B1BCB}.Debug|Any CPU.ActiveCfg = Debug|Any CPU
		{94D1E7FF-045D-42B5-8456-3213B06B1BCB}.Debug|Any CPU.Build.0 = Debug|Any CPU
		{94D1E7FF-045D-42B5-8456-3213B06B1BCB}.Release|Any CPU.ActiveCfg = Release|Any CPU
		{94D1E7FF-045D-42B5-8456-3213B06B1BCB}.Release|Any CPU.Build.0 = Release|Any CPU
		{C0726283-0DB2-41A4-A965-593E0981CD2F}.Debug|Any CPU.ActiveCfg = Debug|Any CPU
		{C0726283-0DB2-41A4-A965-593E0981CD2F}.Debug|Any CPU.Build.0 = Debug|Any CPU
		{C0726283-0DB2-41A4-A965-593E0981CD2F}.Release|Any CPU.ActiveCfg = Release|Any CPU
		{C0726283-0DB2-41A4-A965-593E0981CD2F}.Release|Any CPU.Build.0 = Release|Any CPU
		{C8038EDF-DC9B-419A-8501-2E2F97073C1B}.Debug|Any CPU.ActiveCfg = Debug|Any CPU
		{C8038EDF-DC9B-419A-8501-2E2F97073C1B}.Debug|Any CPU.Build.0 = Debug|Any CPU
		{C8038EDF-DC9B-419A-8501-2E2F97073C1B}.Release|Any CPU.ActiveCfg = Release|Any CPU
		{C8038EDF-DC9B-419A-8501-2E2F97073C1B}.Release|Any CPU.Build.0 = Release|Any CPU
		{E60149E6-0A77-42F5-A360-AEDF4A2729F3}.Debug|Any CPU.ActiveCfg = Debug|Any CPU
		{E60149E6-0A77-42F5-A360-AEDF4A2729F3}.Debug|Any CPU.Build.0 = Debug|Any CPU
		{E60149E6-0A77-42F5-A360-AEDF4A2729F3}.Release|Any CPU.ActiveCfg = Release|Any CPU
		{E60149E6-0A77-42F5-A360-AEDF4A2729F3}.Release|Any CPU.Build.0 = Release|Any CPU
	EndGlobalSection
	GlobalSection(SolutionProperties) = preSolution
		HideSolutionNode = FALSE
	EndGlobalSection
	GlobalSection(ExtensibilityGlobals) = postSolution
		SolutionGuid = {20938070-7FD4-487D-943C-B41971C5BF9E}
	EndGlobalSection
EndGlobal
